
Microsoft Visual Studio Solution File, Format Version 12.00
# Visual Studio Version 16
VisualStudioVersion = 16.0.31702.278
MinimumVisualStudioVersion = 10.0.40219.1
Project("{8BC9CEB8-8B4A-11D0-8D11-00A0C91BC942}") = "ActionCommanderClient", "ActionCommanderClient\ActionCommanderClient.vcxproj", "{2A615262-A603-4AFB-90D4-DEE370B892A7}"
	ProjectSection(ProjectDependencies) = postProject
		{EA213D8B-DCE4-4E71-8FEA-4BEDFB5A6FF0} = {EA213D8B-DCE4-4E71-8FEA-4BEDFB5A6FF0}
	EndProjectSection
EndProject
Project("{8BC9CEB8-8B4A-11D0-8D11-00A0C91BC942}") = "SanyoniEngine", "SanyoniEngine\SanyoniEngine.vcxproj", "{EA213D8B-DCE4-4E71-8FEA-4BEDFB5A6FF0}"
EndProject
Global
	GlobalSection(SolutionConfigurationPlatforms) = preSolution
		Debug|x64 = Debug|x64
		Debug|x86 = Debug|x86
		Release|x64 = Release|x64
		Release|x86 = Release|x86
		TEST_JH|x64 = TEST_JH|x64
		TEST_JH|x86 = TEST_JH|x86
		TEST_SANYONI|x64 = TEST_SANYONI|x64
		TEST_SANYONI|x86 = TEST_SANYONI|x86
	EndGlobalSection
	GlobalSection(ProjectConfigurationPlatforms) = postSolution
		{2A615262-A603-4AFB-90D4-DEE370B892A7}.Debug|x64.ActiveCfg = Debug|x64
		{2A615262-A603-4AFB-90D4-DEE370B892A7}.Debug|x64.Build.0 = Debug|x64
		{2A615262-A603-4AFB-90D4-DEE370B892A7}.Debug|x86.ActiveCfg = Debug|Win32
		{2A615262-A603-4AFB-90D4-DEE370B892A7}.Debug|x86.Build.0 = Debug|Win32
		{2A615262-A603-4AFB-90D4-DEE370B892A7}.Release|x64.ActiveCfg = Release|x64
		{2A615262-A603-4AFB-90D4-DEE370B892A7}.Release|x64.Build.0 = Release|x64
		{2A615262-A603-4AFB-90D4-DEE370B892A7}.Release|x86.ActiveCfg = Release|Win32
		{2A615262-A603-4AFB-90D4-DEE370B892A7}.Release|x86.Build.0 = Release|Win32
		{2A615262-A603-4AFB-90D4-DEE370B892A7}.TEST_JH|x64.ActiveCfg = TEST_JH|x64
		{2A615262-A603-4AFB-90D4-DEE370B892A7}.TEST_JH|x64.Build.0 = TEST_JH|x64
		{2A615262-A603-4AFB-90D4-DEE370B892A7}.TEST_JH|x86.ActiveCfg = TEST_JH|Win32
		{2A615262-A603-4AFB-90D4-DEE370B892A7}.TEST_JH|x86.Build.0 = TEST_JH|Win32
		{2A615262-A603-4AFB-90D4-DEE370B892A7}.TEST_SANYONI|x64.ActiveCfg = TEST_SANYONI|x64
		{2A615262-A603-4AFB-90D4-DEE370B892A7}.TEST_SANYONI|x64.Build.0 = TEST_SANYONI|x64
		{2A615262-A603-4AFB-90D4-DEE370B892A7}.TEST_SANYONI|x86.ActiveCfg = TEST_SANYONI|Win32
		{2A615262-A603-4AFB-90D4-DEE370B892A7}.TEST_SANYONI|x86.Build.0 = TEST_SANYONI|Win32
		{EA213D8B-DCE4-4E71-8FEA-4BEDFB5A6FF0}.Debug|x64.ActiveCfg = Debug|x64
		{EA213D8B-DCE4-4E71-8FEA-4BEDFB5A6FF0}.Debug|x64.Build.0 = Debug|x64
		{EA213D8B-DCE4-4E71-8FEA-4BEDFB5A6FF0}.Debug|x86.ActiveCfg = Debug|Win32
		{EA213D8B-DCE4-4E71-8FEA-4BEDFB5A6FF0}.Debug|x86.Build.0 = Debug|Win32
		{EA213D8B-DCE4-4E71-8FEA-4BEDFB5A6FF0}.Release|x64.ActiveCfg = Release|x64
		{EA213D8B-DCE4-4E71-8FEA-4BEDFB5A6FF0}.Release|x64.Build.0 = Release|x64
		{EA213D8B-DCE4-4E71-8FEA-4BEDFB5A6FF0}.Release|x86.ActiveCfg = Release|Win32
		{EA213D8B-DCE4-4E71-8FEA-4BEDFB5A6FF0}.Release|x86.Build.0 = Release|Win32
		{EA213D8B-DCE4-4E71-8FEA-4BEDFB5A6FF0}.TEST_JH|x64.ActiveCfg = TEST_JH|x64
		{EA213D8B-DCE4-4E71-8FEA-4BEDFB5A6FF0}.TEST_JH|x64.Build.0 = TEST_JH|x64
		{EA213D8B-DCE4-4E71-8FEA-4BEDFB5A6FF0}.TEST_JH|x86.ActiveCfg = TEST_JH|Win32
		{EA213D8B-DCE4-4E71-8FEA-4BEDFB5A6FF0}.TEST_JH|x86.Build.0 = TEST_JH|Win32
		{EA213D8B-DCE4-4E71-8FEA-4BEDFB5A6FF0}.TEST_SANYONI|x64.ActiveCfg = TEST_SANYONI|x64
		{EA213D8B-DCE4-4E71-8FEA-4BEDFB5A6FF0}.TEST_SANYONI|x64.Build.0 = TEST_SANYONI|x64
		{EA213D8B-DCE4-4E71-8FEA-4BEDFB5A6FF0}.TEST_SANYONI|x86.ActiveCfg = TEST_SANYONI|Win32
		{EA213D8B-DCE4-4E71-8FEA-4BEDFB5A6FF0}.TEST_SANYONI|x86.Build.0 = TEST_SANYONI|Win32
	EndGlobalSection
	GlobalSection(SolutionProperties) = preSolution
		HideSolutionNode = FALSE
	EndGlobalSection
	GlobalSection(ExtensibilityGlobals) = postSolution
		SolutionGuid = {EAD59C44-94AB-49EE-9B46-81383E26E1A5}
	EndGlobalSection
EndGlobal
