<?xml version="1.0" encoding="utf-8"?>
<Project ToolsVersion="4.0" xmlns="http://schemas.microsoft.com/developer/msbuild/2003">
  <ItemGroup>
    <Filter Include="Source Files">
      <UniqueIdentifier>{4FC737F1-C7A5-4376-A066-2A32D752A2FF}</UniqueIdentifier>
      <Extensions>cpp;c;cc;cxx;c++;cppm;ixx;def;odl;idl;hpj;bat;asm;asmx</Extensions>
    </Filter>
    <Filter Include="Header Files">
      <UniqueIdentifier>{93995380-89BD-4b04-88EB-625FBE52EBFB}</UniqueIdentifier>
      <Extensions>h;hh;hpp;hxx;h++;hm;inl;inc;ipp;xsd</Extensions>
    </Filter>
    <Filter Include="Resource Files">
      <UniqueIdentifier>{67DA6AB6-F800-4c08-8B7A-83BB121AAD01}</UniqueIdentifier>
      <Extensions>rc;ico;cur;bmp;dlg;rc2;rct;bin;rgs;gif;jpg;jpeg;jpe;resx;tiff;tif;png;wav;mfcribbon-ms</Extensions>
    </Filter>
  </ItemGroup>
  <ItemGroup>
    <ClInclude Include="inc\Resource.h">
      <Filter>Header Files</Filter>
    </ClInclude>
    <ClInclude Include="inc\targetver.h">
      <Filter>Header Files</Filter>
    </ClInclude>
    <ClInclude Include="inc\_Test_Sanyoni\SanyoniTestApplication.h">
      <Filter>Header Files</Filter>
    </ClInclude>
    <ClInclude Include="inc\_Test_Sanyoni\FollowMouse.h">
      <Filter>Header Files</Filter>
    </ClInclude>
    <ClInclude Include="inc\pch.h">
      <Filter>Header Files</Filter>
    </ClInclude>
    <ClInclude Include="inc\_Test_Sanyoni\TransformCamera.h">
      <Filter>Header Files</Filter>
    </ClInclude>
    <ClInclude Include="inc\_Test_Sanyoni\Player.h">
      <Filter>Header Files</Filter>
    </ClInclude>
    <ClInclude Include="inc\_Test_Jaehyeon\JHTestApplication.h">
      <Filter>Header Files</Filter>
    </ClInclude>
    <ClInclude Include="inc\_Test_Jaehyeon\CommandQueue.h">
      <Filter>Header Files</Filter>
    </ClInclude>
    <ClInclude Include="inc\GameApplication.h">
      <Filter>Header Files</Filter>
    </ClInclude>
    <ClInclude Include="inc\_Test_Sanyoni\FollowPlayer.h">
      <Filter>Header Files</Filter>
    </ClInclude>
    <ClInclude Include="inc\_Test_Sanyoni\PlayerRigidBodyController.h">
      <Filter>Header Files</Filter>
    </ClInclude>
    <ClInclude Include="inc\_Test_Sanyoni\Platform.h">
      <Filter>Header Files</Filter>
    </ClInclude>
    <ClInclude Include="inc\_Test_Sanyoni\PlayerAnimationEventHandler.h">
      <Filter>Header Files</Filter>
    </ClInclude>
    <ClInclude Include="inc\_Test_Sanyoni\PlayerAnimation.h">
      <Filter>Header Files</Filter>
    </ClInclude>
    <ClInclude Include="inc\_Test_Jaehyeon\ShakeCamera.h">
      <Filter>Header Files</Filter>
    </ClInclude>
    <ClInclude Include="inc\Sound.h">
      <Filter>Header Files</Filter>
    </ClInclude>
    <ClInclude Include="inc\_Test_Sanyoni\UnitAnimationEventHandler.h">
      <Filter>Header Files</Filter>
    </ClInclude>
    <ClInclude Include="inc\_Test_Jaehyeon\Nepen\Nepen.h">
      <Filter>Header Files</Filter>
    </ClInclude>
    <ClInclude Include="inc\_Test_Jaehyeon\Nepen\NepenAnimation.h">
      <Filter>Header Files</Filter>
    </ClInclude>
    <ClInclude Include="inc\_Test_Jaehyeon\Nepen\NepenAnimationEventHandler.h">
      <Filter>Header Files</Filter>
    </ClInclude>
    <ClInclude Include="inc\_Test_Jaehyeon\Nepen\NepenRigidBodyController.h">
      <Filter>Header Files</Filter>
    </ClInclude>
    <ClInclude Include="inc\_Test_Jaehyeon\GoblinWarrior\GoblinWarrior.h">
      <Filter>Header Files</Filter>
    </ClInclude>
    <ClInclude Include="inc\_Test_Jaehyeon\GoblinWarrior\GoblinWarriorAnimation.h">
      <Filter>Header Files</Filter>
    </ClInclude>
    <ClInclude Include="inc\_Test_Jaehyeon\GoblinWarrior\GoblinWarriorAnimationEventHandler.h">
      <Filter>Header Files</Filter>
    </ClInclude>
    <ClInclude Include="inc\_Test_Jaehyeon\GoblinWarrior\GoblinWarriorRigidBodyController.h">
      <Filter>Header Files</Filter>
    </ClInclude>
    <ClInclude Include="inc\_Test_Jaehyeon\GoblinArcher\GoblinArcher.h">
      <Filter>Header Files</Filter>
    </ClInclude>
    <ClInclude Include="inc\_Test_Jaehyeon\GoblinArcher\GoblinArcherAnimation.h">
      <Filter>Header Files</Filter>
    </ClInclude>
    <ClInclude Include="inc\_Test_Jaehyeon\GoblinArcher\GoblinArcherAnimationEventHandler.h">
      <Filter>Header Files</Filter>
    </ClInclude>
    <ClInclude Include="inc\_Test_Jaehyeon\GoblinArcher\GoblinArcherRigidBodyController.h">
      <Filter>Header Files</Filter>
    </ClInclude>
    <ClInclude Include="inc\_Test_Sanyoni\GameSceneFactory.h">
      <Filter>Header Files</Filter>
    </ClInclude>
    <ClInclude Include="inc\_Test_Sanyoni\MapData.h">
      <Filter>Header Files</Filter>
    </ClInclude>
    <ClInclude Include="inc\_Test_Jaehyeon\DetectTriggerCollider.h">
      <Filter>Header Files</Filter>
    </ClInclude>
    <ClInclude Include="inc\_Test_Jaehyeon\BackgroundMovement.h">
      <Filter>Header Files</Filter>
    </ClInclude>
    <ClInclude Include="inc\_Test_Jaehyeon\AttackTriggerCollider.h">
      <Filter>Header Files</Filter>
    </ClInclude>
    <ClInclude Include="inc\_Test_Sanyoni\TitleSceneTransition.h">
      <Filter>Header Files</Filter>
    </ClInclude>
    <ClInclude Include="inc\_Test_Jaehyeon\GoblinBoss\GoblinBoss.h">
      <Filter>Header Files</Filter>
    </ClInclude>
    <ClInclude Include="inc\_Test_Jaehyeon\GoblinBoss\GoblinBossAnimation.h">
      <Filter>Header Files</Filter>
    </ClInclude>
    <ClInclude Include="inc\_Test_Jaehyeon\GoblinBoss\GoblinBossAnimationEventHandler.h">
      <Filter>Header Files</Filter>
    </ClInclude>
    <ClInclude Include="inc\_Test_Jaehyeon\GoblinBoss\GoblinBossRigidBodyController.h">
      <Filter>Header Files</Filter>
    </ClInclude>
    <ClInclude Include="inc\PlayerUI.h">
      <Filter>Header Files</Filter>
    </ClInclude>
    <ClInclude Include="inc\ActionCommanderGameManager.h">
      <Filter>Header Files</Filter>
    </ClInclude>
    <ClInclude Include="inc\_Test_Sanyoni\Portal.h">
      <Filter>Header Files</Filter>
    </ClInclude>
    <ClInclude Include="inc\_Test_Sanyoni\Heart.h">
      <Filter>Header Files</Filter>
    </ClInclude>
    <ClInclude Include="inc\_Test_Sanyoni\GameOverSceneTransition.h">
      <Filter>Header Files</Filter>
    </ClInclude>
    <ClInclude Include="resource.h">
      <Filter>Header Files</Filter>
    </ClInclude>
    <ClInclude Include="inc\_Test_Sanyoni\Arrow.h">
      <Filter>Header Files</Filter>
    </ClInclude>
  </ItemGroup>
  <ItemGroup>
    <ClCompile Include="src\main.cpp">
      <Filter>Source Files</Filter>
    </ClCompile>
    <ClCompile Include="src\_Test_Sanyoni\SanyoniTestApplication.cpp">
      <Filter>Source Files</Filter>
    </ClCompile>
    <ClCompile Include="src\_Test_Sanyoni\FollowMouse.cpp">
      <Filter>Source Files</Filter>
    </ClCompile>
    <ClCompile Include="src\pch.cpp">
      <Filter>Source Files</Filter>
    </ClCompile>
    <ClCompile Include="src\_Test_Sanyoni\TransformCamera.cpp">
      <Filter>Source Files</Filter>
    </ClCompile>
    <ClCompile Include="src\_Test_Sanyoni\Player.cpp">
      <Filter>Source Files</Filter>
    </ClCompile>
    <ClCompile Include="src\_Test_Jaehyeon\JHTestApplication.cpp">
      <Filter>Source Files</Filter>
    </ClCompile>
    <ClCompile Include="src\_Test_Jaehyeon\CommandQueue.cpp">
      <Filter>Source Files</Filter>
    </ClCompile>
    <ClCompile Include="src\GameApplication.cpp">
      <Filter>Source Files</Filter>
    </ClCompile>
    <ClCompile Include="src\_Test_Sanyoni\FollowPlayer.cpp">
      <Filter>Source Files</Filter>
    </ClCompile>
    <ClCompile Include="src\_Test_Sanyoni\PlayerRigidBodyController.cpp">
      <Filter>Source Files</Filter>
    </ClCompile>
    <ClCompile Include="src\_Test_Sanyoni\Platform.cpp">
      <Filter>Source Files</Filter>
    </ClCompile>
    <ClCompile Include="src\_Test_Sanyoni\PlayerAnimationEventHandler.cpp">
      <Filter>Source Files</Filter>
    </ClCompile>
    <ClCompile Include="src\_Test_Sanyoni\PlayerAnimation.cpp">
      <Filter>Source Files</Filter>
    </ClCompile>
    <ClCompile Include="src\_Test_Jaehyeon\ShakeCamera.cpp">
      <Filter>Source Files</Filter>
    </ClCompile>
    <ClCompile Include="src\Sound.cpp">
      <Filter>Source Files</Filter>
    </ClCompile>
    <ClCompile Include="src\_Test_Sanyoni\UnitAnimationEventHandler.cpp">
      <Filter>Source Files</Filter>
    </ClCompile>
    <ClCompile Include="src\_Test_Jaehyeon\Nepen\Nepen.cpp">
      <Filter>Source Files</Filter>
    </ClCompile>
    <ClCompile Include="src\_Test_Jaehyeon\Nepen\NepenAnimation.cpp">
      <Filter>Source Files</Filter>
    </ClCompile>
    <ClCompile Include="src\_Test_Jaehyeon\Nepen\NepenAnimationEventHandler.cpp">
      <Filter>Source Files</Filter>
    </ClCompile>
    <ClCompile Include="src\_Test_Jaehyeon\Nepen\NepenRigidBodyController.cpp">
      <Filter>Source Files</Filter>
    </ClCompile>
    <ClCompile Include="src\_Test_Jaehyeon\GoblinWarrior\GoblinWarrior.cpp">
      <Filter>Source Files</Filter>
    </ClCompile>
    <ClCompile Include="src\_Test_Jaehyeon\GoblinWarrior\GoblinWarriorAnimation.cpp">
      <Filter>Source Files</Filter>
    </ClCompile>
    <ClCompile Include="src\_Test_Jaehyeon\GoblinWarrior\GoblinWarriorAnimationEventHandler.cpp">
      <Filter>Source Files</Filter>
    </ClCompile>
    <ClCompile Include="src\_Test_Jaehyeon\GoblinWarrior\GoblinWarriorRigidBodyController.cpp">
      <Filter>Source Files</Filter>
    </ClCompile>
    <ClCompile Include="src\_Test_Jaehyeon\GoblinArcher\GoblinArcher.cpp">
      <Filter>Source Files</Filter>
    </ClCompile>
    <ClCompile Include="src\_Test_Jaehyeon\GoblinArcher\GoblinArcherAnimation.cpp">
      <Filter>Source Files</Filter>
    </ClCompile>
    <ClCompile Include="src\_Test_Jaehyeon\GoblinArcher\GoblinArcherAnimationEventHandler.cpp">
      <Filter>Source Files</Filter>
    </ClCompile>
    <ClCompile Include="src\_Test_Jaehyeon\GoblinArcher\GoblinArcherRigidBodyController.cpp">
      <Filter>Source Files</Filter>
    </ClCompile>
    <ClCompile Include="src\_Test_Sanyoni\GameSceneFactory.cpp">
      <Filter>Source Files</Filter>
    </ClCompile>
    <ClCompile Include="src\_Test_Jaehyeon\DetectTriggerCollider.cpp">
      <Filter>Source Files</Filter>
    </ClCompile>
    <ClCompile Include="src\_Test_Jaehyeon\BackgroundMovement.cpp">
      <Filter>Source Files</Filter>
    </ClCompile>
    <ClCompile Include="src\_Test_Jaehyeon\AttackTriggerCollider.cpp">
      <Filter>Source Files</Filter>
    </ClCompile>
    <ClCompile Include="src\_Test_Sanyoni\TitleSceneTransition.cpp">
      <Filter>Source Files</Filter>
    </ClCompile>
    <ClCompile Include="src\_Test_Jaehyeon\GoblinBoss\GoblinBoss.cpp">
      <Filter>Source Files</Filter>
    </ClCompile>
    <ClCompile Include="src\_Test_Jaehyeon\GoblinBoss\GoblinBossAnimation.cpp">
      <Filter>Source Files</Filter>
    </ClCompile>
    <ClCompile Include="src\_Test_Jaehyeon\GoblinBoss\GoblinBossAnimationEventHandler.cpp">
      <Filter>Source Files</Filter>
    </ClCompile>
    <ClCompile Include="src\_Test_Jaehyeon\GoblinBoss\GoblinBossRigidBodyController.cpp">
      <Filter>Source Files</Filter>
    </ClCompile>
    <ClCompile Include="src\_Test_Jaehyeon\PlayerUI.cpp">
      <Filter>Source Files</Filter>
    </ClCompile>
    <ClCompile Include="src\_Test_Sanyoni\ActionCommanderGameManager.cpp">
      <Filter>Source Files</Filter>
    </ClCompile>
    <ClCompile Include="src\_Test_Sanyoni\Portal.cpp">
      <Filter>Source Files</Filter>
    </ClCompile>
    <ClCompile Include="src\_Test_Sanyoni\Heart.cpp">
      <Filter>Source Files</Filter>
    </ClCompile>
    <ClCompile Include="src\_Test_Sanyoni\GameOverSceneTransition.cpp">
      <Filter>Source Files</Filter>
    </ClCompile>
    <ClCompile Include="src\_Test_Sanyoni\Arrow.cpp">
      <Filter>Source Files</Filter>
    </ClCompile>
  </ItemGroup>
  <ItemGroup>
    <None Include=".editorconfig" />
  </ItemGroup>
  <ItemGroup>
    <ResourceCompile Include="ActionCommanderClient.rc">
      <Filter>Resource Files</Filter>
    </ResourceCompile>
  </ItemGroup>
  <ItemGroup>
    <Image Include="res\icon_pc.ico">
      <Filter>Resource Files</Filter>
    </Image>
  </ItemGroup>
</Project>