<?xml version="1.0" encoding="utf-8"?>
<Project ToolsVersion="4.0" xmlns="http://schemas.microsoft.com/developer/msbuild/2003">
  <ItemGroup>
    <Natvis Include="natvis\GameFramework\Component\ComponentBase.natvis" />
    <Natvis Include="natvis\GameFramework\GameObject.natvis" />
    <Natvis Include="natvis\Struct\Color.natvis" />
    <Natvis Include="natvis\Struct\Ellipse.natvis" />
    <Natvis Include="natvis\Struct\Matrix3x2.natvis" />
    <Natvis Include="natvis\Struct\ObjectProperty.natvis" />
    <Natvis Include="natvis\Struct\Point2_DerivedBase.natvis" />
    <Natvis Include="natvis\Struct\Rect.natvis" />
    <Natvis Include="natvis\Struct\Vector2_DerivedBase.natvis" />
  </ItemGroup>
  <ItemGroup>
    <ClCompile Include="src\Struct\Resource\TextFormat.cpp" />
    <ClCompile Include="src\Struct\ObjectProperty.cpp" />
    <ClCompile Include="src\GameFramework\Component\RigidBodyController.cpp" />
    <ClCompile Include="src\GameFramework\Component\RigidBody.cpp" />
    <ClCompile Include="src\Struct\Resource\FontCollection.cpp" />
    <ClCompile Include="src\GameFramework\Collision\CollisionBounds.cpp" />
    <ClCompile Include="src\GameFramework\Component\Collider\ColliderBase.cpp" />
    <ClCompile Include="src\Manager\CollisionManager.cpp" />
    <ClCompile Include="src\GameFramework\Component\Camera.cpp" />
    <ClCompile Include="src\GameFramework\SpriteAnimationClip.cpp" />
    <ClCompile Include="src\GameFramework\Component\SpriteAnimator.cpp" />
    <ClCompile Include="src\GameFramework\Component\SpriteRenderer.cpp" />
    <ClCompile Include="src\Core.cpp" />
    <ClCompile Include="src\Manager\Resources.cpp" />
    <ClCompile Include="src\GameFramework\Sprite.cpp" />
    <ClCompile Include="src\GameFramework\SceneManager.cpp" />
    <ClCompile Include="src\GameFramework\Component\Collider\AABBCollider.cpp" />
    <ClCompile Include="src\GameFramework\Scene.cpp" />
    <ClCompile Include="src\GameFramework\Collision\Collision.cpp" />
    <ClCompile Include="src\GameFramework\Component\ComponentBase.cpp" />
    <ClCompile Include="src\GameFramework\Component\Collider\CircleCollider.cpp" />
    <ClCompile Include="src\GameFramework\GameObject.cpp" />
    <ClCompile Include="src\Struct\Matrix3x2.cpp" />
    <ClCompile Include="src\_global.cpp" />
    <ClCompile Include="src\Manager\Input.cpp" />
    <ClCompile Include="src\Application.cpp" />
    <ClCompile Include="src\Struct\Color.cpp" />
    <ClCompile Include="src\SanyoniEngine_pch.cpp" />
    <ClCompile Include="src\Manager\Screen.cpp" />
    <ClCompile Include="src\GameFramework\Component\Transform.cpp" />
    <ClCompile Include="src\Manager\GameTime.cpp" />
    <ClCompile Include="src\GameFramework\Event\AttemptRangeAttackEvent.cpp" />
    <ClCompile Include="src\GameFramework\Event\GameEvent.cpp" />
    <ClCompile Include="src\GameFramework\Extension\Combat\Health.cpp" />
    <ClCompile Include="src\GameFramework\Extension\Combat\MeleeAttack.cpp" />
    <ClCompile Include="src\GameFramework\Extension\Combat\Damagable.cpp" />
    <ClCompile Include="src\GameFramework\Component\SpriteFlicker.cpp" />
    <ClCompile Include="src\GameFramework\Component\Animator.cpp" />
    <ClCompile Include="src\GameFramework\Animation\AnimationEventHandlerBase.cpp" />
    <ClCompile Include="src\GameFramework\Extension\Effect\OneShotSpriteAnimationEffect.cpp" />
  </ItemGroup>
  <ItemGroup>
    <ClInclude Include="inc\Enum\EDWrite.h" />
    <ClInclude Include="inc\Enum\EGameObjectTag.h" />
    <ClInclude Include="inc\Enum\EKeyState.h" />
    <ClInclude Include="inc\Enum\EVirtualKey.h" />
    <ClInclude Include="inc\GameFramework\Collision\CollisionBounds.h" />
    <ClInclude Include="inc\GameFramework\Collision\CollisionInfo.h" />
    <ClInclude Include="inc\GameFramework\Component\Camera.h" />
    <ClInclude Include="inc\GameFramework\Component\Collider\ColliderBase.h" />
    <ClInclude Include="inc\GameFramework\Component\ComponentInterfaces.h" />
    <ClInclude Include="inc\Core.h" />
    <ClInclude Include="inc\GameFramework\Component\Collider\AABBCollider.h" />
    <ClInclude Include="inc\GameFramework\Collision\Collision.h" />
    <ClInclude Include="inc\GameFramework\Component\ComponentBase.h" />
    <ClInclude Include="inc\GameFramework\Component\Collider\CircleCollider.h" />
    <ClInclude Include="inc\GameFramework\Component\FSM\StateBase.h" />
    <ClInclude Include="inc\GameFramework\Component\FSM\StateMachine.h" />
    <ClInclude Include="inc\GameFramework\Component\RigidBody.h" />
    <ClInclude Include="inc\GameFramework\Component\RigidBodyController.h" />
    <ClInclude Include="inc\GameFramework\GameObject.h" />
    <ClInclude Include="inc\Struct\ObjectProperty.h" />
    <ClInclude Include="inc\Helper\ObjectPool.h" />
    <ClInclude Include="inc\Manager\CollisionManager.h" />
    <ClInclude Include="inc\SanyoniEngine_typedef.h" />
    <ClInclude Include="inc\Struct\Ellipse.h" />
    <ClInclude Include="inc\Application.h" />
    <ClInclude Include="inc\Struct\Color.h" />
    <ClInclude Include="inc\Helper\Helper.h" />
    <ClInclude Include="inc\Struct\Resource\FontCollection.h" />
    <ClInclude Include="inc\Struct\KeyMessageInfo.h" />
    <ClInclude Include="inc\Struct\Matrix3x2.h" />
    <ClInclude Include="inc\Struct\MouseWheelMessageInfo.h" />
    <ClInclude Include="inc\Struct\Point2.h" />
    <ClInclude Include="inc\Struct\RaycastHitInfo.h" />
    <ClInclude Include="inc\Struct\Rect.h" />
    <ClInclude Include="inc\SanyoniEngine.h" />
    <ClInclude Include="inc\SanyoniEngine_experiment.h" />
    <ClInclude Include="inc\SanyoniEngine_types.h" />
    <ClInclude Include="inc\Manager\Screen.h" />
    <ClInclude Include="inc\Helper\SingletonInstanceBase.h" />
    <ClInclude Include="inc\GameFramework\Component\SpriteAnimator.h" />
    <ClInclude Include="inc\Struct\Resource\TextFormat.h" />
    <ClInclude Include="inc\Struct\Vector2.h" />
    <ClInclude Include="inc\SanyoniEngine_pch.h" />
    <ClInclude Include="inc\GameFramework\Component\Transform.h" />
    <ClInclude Include="inc\_global.h" />
    <ClInclude Include="inc\Manager\Input.h" />
    <ClInclude Include="inc\Manager\GameTime.h" />
    <ClInclude Include="inc\GameFramework\Scene.h" />
    <ClInclude Include="inc\GameFramework\SceneManager.h" />
    <ClInclude Include="inc\GameFramework\Sprite.h" />
    <ClInclude Include="inc\Manager\Resources.h" />
    <ClInclude Include="inc\GameFramework\Component\SpriteRenderer.h" />
    <ClInclude Include="inc\GameFramework\SpriteAnimationClip.h" />
    <ClInclude Include="inc\GameFramework\Event\GameEvent.h" />
    <ClInclude Include="inc\GameFramework\Event\AttemptRangeAttackEvent.h" />
    <ClInclude Include="inc\GameFramework\Extension\Combat\Component\Health.h" />
    <ClInclude Include="inc\GameFramework\Extension\Combat\Component\MeleeAttack.h" />
    <ClInclude Include="inc\GameFramework\Animation\AnimationClip.h" />
    <ClInclude Include="inc\GameFramework\Extension\Combat\Component\Damagable.h" />
    <ClInclude Include="inc\GameFramework\Component\SpriteFlicker.h" />
    <ClInclude Include="inc\GameFramework\Component\FSM\ITransitionCondition.h" />
    <ClInclude Include="inc\GameFramework\Component\Animator.h" />
    <ClInclude Include="inc\GameFramework\Animation\AnimationEventHandlerBase.h" />
    <ClInclude Include="inc\GameFramework\Extension\Effect\OneShotSpriteAnimationEffect.h" />
  </ItemGroup>
  <ItemGroup>
    <None Include=".editorconfig" />
    <None Include="inc\GameFramework\Component\FSM\StateMachine.inl" />
    <None Include="inc\GameFramework\GameObject.inl" />
    <None Include="inc\Struct\Matrix3x2.inl" />
  </ItemGroup>
</Project>